
Microsoft Visual Studio Solution File, Format Version 12.00
# Visual Studio Version 17
VisualStudioVersion = 17.9.34607.119
MinimumVisualStudioVersion = 10.0.40219.1
Project("{FAE04EC0-301F-11D3-BF4B-00C04F79EFBC}") = "Task_3", "Task_3.csproj", "{A5939B40-8089-4887-A510-9CCEC6329687}"
EndProject
Global
	GlobalSection(SolutionConfigurationPlatforms) = preSolution
		Debug|Any CPU = Debug|Any CPU
		Release|Any CPU = Release|Any CPU
	EndGlobalSection
	GlobalSection(ProjectConfigurationPlatforms) = postSolution
		{A5939B40-8089-4887-A510-9CCEC6329687}.Debug|Any CPU.ActiveCfg = Debug|Any CPU
		{A5939B40-8089-4887-A510-9CCEC6329687}.Debug|Any CPU.Build.0 = Debug|Any CPU
		{A5939B40-8089-4887-A510-9CCEC6329687}.Release|Any CPU.ActiveCfg = Release|Any CPU
		{A5939B40-8089-4887-A510-9CCEC6329687}.Release|Any CPU.Build.0 = Release|Any CPU
	EndGlobalSection
	GlobalSection(SolutionProperties) = preSolution
		HideSolutionNode = FALSE
	EndGlobalSection
	GlobalSection(ExtensibilityGlobals) = postSolution
		SolutionGuid = {F2D66820-6887-43D3-824F-ECF09D2AB3FE}
	EndGlobalSection
EndGlobal
