
Microsoft Visual Studio Solution File, Format Version 12.00
# Visual Studio Version 17
VisualStudioVersion = 17.9.34607.119
MinimumVisualStudioVersion = 10.0.40219.1
Project("{FAE04EC0-301F-11D3-BF4B-00C04F79EFBC}") = "Seminar_1", "Seminar_1.csproj", "{1BBF072B-D20E-40C3-82EB-7229CD19B6AD}"
EndProject
Global
	GlobalSection(SolutionConfigurationPlatforms) = preSolution
		Debug|Any CPU = Debug|Any CPU
		Release|Any CPU = Release|Any CPU
	EndGlobalSection
	GlobalSection(ProjectConfigurationPlatforms) = postSolution
		{1BBF072B-D20E-40C3-82EB-7229CD19B6AD}.Debug|Any CPU.ActiveCfg = Debug|Any CPU
		{1BBF072B-D20E-40C3-82EB-7229CD19B6AD}.Debug|Any CPU.Build.0 = Debug|Any CPU
		{1BBF072B-D20E-40C3-82EB-7229CD19B6AD}.Release|Any CPU.ActiveCfg = Release|Any CPU
		{1BBF072B-D20E-40C3-82EB-7229CD19B6AD}.Release|Any CPU.Build.0 = Release|Any CPU
	EndGlobalSection
	GlobalSection(SolutionProperties) = preSolution
		HideSolutionNode = FALSE
	EndGlobalSection
	GlobalSection(ExtensibilityGlobals) = postSolution
		SolutionGuid = {C59F0479-6B67-479C-8939-BCDA7B99AFA4}
	EndGlobalSection
EndGlobal
