
Microsoft Visual Studio Solution File, Format Version 12.00
# Visual Studio Version 17
VisualStudioVersion = 17.9.34607.119
MinimumVisualStudioVersion = 10.0.40219.1
Project("{FAE04EC0-301F-11D3-BF4B-00C04F79EFBC}") = "CalculatorForm", "CalculatorForm.csproj", "{020833F8-2C0D-4E83-A248-78C4B5989CD5}"
EndProject
Global
	GlobalSection(SolutionConfigurationPlatforms) = preSolution
		Debug|Any CPU = Debug|Any CPU
		Release|Any CPU = Release|Any CPU
	EndGlobalSection
	GlobalSection(ProjectConfigurationPlatforms) = postSolution
		{020833F8-2C0D-4E83-A248-78C4B5989CD5}.Debug|Any CPU.ActiveCfg = Debug|Any CPU
		{020833F8-2C0D-4E83-A248-78C4B5989CD5}.Debug|Any CPU.Build.0 = Debug|Any CPU
		{020833F8-2C0D-4E83-A248-78C4B5989CD5}.Release|Any CPU.ActiveCfg = Release|Any CPU
		{020833F8-2C0D-4E83-A248-78C4B5989CD5}.Release|Any CPU.Build.0 = Release|Any CPU
	EndGlobalSection
	GlobalSection(SolutionProperties) = preSolution
		HideSolutionNode = FALSE
	EndGlobalSection
	GlobalSection(ExtensibilityGlobals) = postSolution
		SolutionGuid = {A695FF05-395E-4651-A7E2-684FF5461484}
	EndGlobalSection
EndGlobal
